
Microsoft Visual Studio Solution File, Format Version 12.00
# Visual Studio 15
VisualStudioVersion = 15.0.27428.2037
MinimumVisualStudioVersion = 10.0.40219.1
Project("{FAE04EC0-301F-11D3-BF4B-00C04F79EFBC}") = "TestTask2", "TestTask2\TestTask2.csproj", "{47BDBB78-DF18-460E-BF8C-17E875A05A2E}"
EndProject
Project("{FAE04EC0-301F-11D3-BF4B-00C04F79EFBC}") = "TestTask2.Tests", "TestTask2.Tests\TestTask2.Tests.csproj", "{D9297432-D35C-4C34-AEC3-223FF74FED14}"
EndProject
Global
	GlobalSection(SolutionConfigurationPlatforms) = preSolution
		Debug|Any CPU = Debug|Any CPU
		Release|Any CPU = Release|Any CPU
	EndGlobalSection
	GlobalSection(ProjectConfigurationPlatforms) = postSolution
		{47BDBB78-DF18-460E-BF8C-17E875A05A2E}.Debug|Any CPU.ActiveCfg = Debug|Any CPU
		{47BDBB78-DF18-460E-BF8C-17E875A05A2E}.Debug|Any CPU.Build.0 = Debug|Any CPU
		{47BDBB78-DF18-460E-BF8C-17E875A05A2E}.Release|Any CPU.ActiveCfg = Release|Any CPU
		{47BDBB78-DF18-460E-BF8C-17E875A05A2E}.Release|Any CPU.Build.0 = Release|Any CPU
		{D9297432-D35C-4C34-AEC3-223FF74FED14}.Debug|Any CPU.ActiveCfg = Debug|Any CPU
		{D9297432-D35C-4C34-AEC3-223FF74FED14}.Debug|Any CPU.Build.0 = Debug|Any CPU
		{D9297432-D35C-4C34-AEC3-223FF74FED14}.Release|Any CPU.ActiveCfg = Release|Any CPU
		{D9297432-D35C-4C34-AEC3-223FF74FED14}.Release|Any CPU.Build.0 = Release|Any CPU
	EndGlobalSection
	GlobalSection(SolutionProperties) = preSolution
		HideSolutionNode = FALSE
	EndGlobalSection
	GlobalSection(ExtensibilityGlobals) = postSolution
		SolutionGuid = {F62E6EF8-D350-4634-82E3-BF5F6DA85CEF}
	EndGlobalSection
EndGlobal
